
Microsoft Visual Studio Solution File, Format Version 12.00
# Visual Studio Version 17
VisualStudioVersion = 17.13.35825.156
MinimumVisualStudioVersion = 10.0.40219.1
Project("{FAE04EC0-301F-11D3-BF4B-00C04F79EFBC}") = "ServerRpc", "XmlRpc\ServerRpc.csproj", "{8AB7982C-6D92-4823-8BF7-178C76B9BD9E}"
EndProject
Project("{FAE04EC0-301F-11D3-BF4B-00C04F79EFBC}") = "ClientRpc", "ClientRpc\ClientRpc.csproj", "{6257424D-1B3F-4869-A83F-7B059BB4D784}"
EndProject
Global
	GlobalSection(SolutionConfigurationPlatforms) = preSolution
		Debug|Any CPU = Debug|Any CPU
		Release|Any CPU = Release|Any CPU
	EndGlobalSection
	GlobalSection(ProjectConfigurationPlatforms) = postSolution
		{8AB7982C-6D92-4823-8BF7-178C76B9BD9E}.Debug|Any CPU.ActiveCfg = Debug|Any CPU
		{8AB7982C-6D92-4823-8BF7-178C76B9BD9E}.Debug|Any CPU.Build.0 = Debug|Any CPU
		{8AB7982C-6D92-4823-8BF7-178C76B9BD9E}.Release|Any CPU.ActiveCfg = Release|Any CPU
		{8AB7982C-6D92-4823-8BF7-178C76B9BD9E}.Release|Any CPU.Build.0 = Release|Any CPU
		{6257424D-1B3F-4869-A83F-7B059BB4D784}.Debug|Any CPU.ActiveCfg = Debug|Any CPU
		{6257424D-1B3F-4869-A83F-7B059BB4D784}.Debug|Any CPU.Build.0 = Debug|Any CPU
		{6257424D-1B3F-4869-A83F-7B059BB4D784}.Release|Any CPU.ActiveCfg = Release|Any CPU
		{6257424D-1B3F-4869-A83F-7B059BB4D784}.Release|Any CPU.Build.0 = Release|Any CPU
	EndGlobalSection
	GlobalSection(SolutionProperties) = preSolution
		HideSolutionNode = FALSE
	EndGlobalSection
	GlobalSection(ExtensibilityGlobals) = postSolution
		SolutionGuid = {5DB0B8C6-E199-49C8-9834-565F35A1AC8A}
	EndGlobalSection
EndGlobal
